
Microsoft Visual Studio Solution File, Format Version 12.00
Project("{FAE04EC0-301F-11D3-BF4B-00C04F79EFBC}") = "Lists", "Lists\Lists.csproj", "{2D13E27C-91B9-41D3-9C18-2C11EDC75CA5}"
EndProject
Project("{FAE04EC0-301F-11D3-BF4B-00C04F79EFBC}") = "Lists2", "Lists2\Lists2.csproj", "{946A347B-38E5-405F-ACA9-64439F50174C}"
EndProject
Project("{FAE04EC0-301F-11D3-BF4B-00C04F79EFBC}") = "Lists3", "Lists3\Lists3.csproj", "{6F4B30AF-CE3C-4BC3-AFBD-CBACC2F0A69E}"
EndProject
Project("{FAE04EC0-301F-11D3-BF4B-00C04F79EFBC}") = "Lists4", "Lists4\Lists4.csproj", "{AF850484-C8B7-4DDE-9761-20F055B2E1B9}"
EndProject
Project("{FAE04EC0-301F-11D3-BF4B-00C04F79EFBC}") = "Lists5", "Lists5\Lists5.csproj", "{305898E6-173B-4BA1-9B1B-416489C4D158}"
EndProject
Project("{FAE04EC0-301F-11D3-BF4B-00C04F79EFBC}") = "Lists6", "Lists6\Lists6.csproj", "{2DA37BE7-DA85-4A09-96B6-F5E9B6E9804D}"
EndProject
Global
	GlobalSection(SolutionConfigurationPlatforms) = preSolution
		Debug|Any CPU = Debug|Any CPU
		Release|Any CPU = Release|Any CPU
	EndGlobalSection
	GlobalSection(ProjectConfigurationPlatforms) = postSolution
		{2D13E27C-91B9-41D3-9C18-2C11EDC75CA5}.Debug|Any CPU.ActiveCfg = Debug|Any CPU
		{2D13E27C-91B9-41D3-9C18-2C11EDC75CA5}.Debug|Any CPU.Build.0 = Debug|Any CPU
		{2D13E27C-91B9-41D3-9C18-2C11EDC75CA5}.Release|Any CPU.ActiveCfg = Release|Any CPU
		{2D13E27C-91B9-41D3-9C18-2C11EDC75CA5}.Release|Any CPU.Build.0 = Release|Any CPU
		{946A347B-38E5-405F-ACA9-64439F50174C}.Debug|Any CPU.ActiveCfg = Debug|Any CPU
		{946A347B-38E5-405F-ACA9-64439F50174C}.Debug|Any CPU.Build.0 = Debug|Any CPU
		{946A347B-38E5-405F-ACA9-64439F50174C}.Release|Any CPU.ActiveCfg = Release|Any CPU
		{946A347B-38E5-405F-ACA9-64439F50174C}.Release|Any CPU.Build.0 = Release|Any CPU
		{6F4B30AF-CE3C-4BC3-AFBD-CBACC2F0A69E}.Debug|Any CPU.ActiveCfg = Debug|Any CPU
		{6F4B30AF-CE3C-4BC3-AFBD-CBACC2F0A69E}.Debug|Any CPU.Build.0 = Debug|Any CPU
		{6F4B30AF-CE3C-4BC3-AFBD-CBACC2F0A69E}.Release|Any CPU.ActiveCfg = Release|Any CPU
		{6F4B30AF-CE3C-4BC3-AFBD-CBACC2F0A69E}.Release|Any CPU.Build.0 = Release|Any CPU
		{AF850484-C8B7-4DDE-9761-20F055B2E1B9}.Debug|Any CPU.ActiveCfg = Debug|Any CPU
		{AF850484-C8B7-4DDE-9761-20F055B2E1B9}.Debug|Any CPU.Build.0 = Debug|Any CPU
		{AF850484-C8B7-4DDE-9761-20F055B2E1B9}.Release|Any CPU.ActiveCfg = Release|Any CPU
		{AF850484-C8B7-4DDE-9761-20F055B2E1B9}.Release|Any CPU.Build.0 = Release|Any CPU
		{305898E6-173B-4BA1-9B1B-416489C4D158}.Debug|Any CPU.ActiveCfg = Debug|Any CPU
		{305898E6-173B-4BA1-9B1B-416489C4D158}.Debug|Any CPU.Build.0 = Debug|Any CPU
		{305898E6-173B-4BA1-9B1B-416489C4D158}.Release|Any CPU.ActiveCfg = Release|Any CPU
		{305898E6-173B-4BA1-9B1B-416489C4D158}.Release|Any CPU.Build.0 = Release|Any CPU
		{2DA37BE7-DA85-4A09-96B6-F5E9B6E9804D}.Debug|Any CPU.ActiveCfg = Debug|Any CPU
		{2DA37BE7-DA85-4A09-96B6-F5E9B6E9804D}.Debug|Any CPU.Build.0 = Debug|Any CPU
		{2DA37BE7-DA85-4A09-96B6-F5E9B6E9804D}.Release|Any CPU.ActiveCfg = Release|Any CPU
		{2DA37BE7-DA85-4A09-96B6-F5E9B6E9804D}.Release|Any CPU.Build.0 = Release|Any CPU
	EndGlobalSection
EndGlobal
